{
  "name": "admin-dashboard",
  "version": "1.0.0",
  "lockfileVersion": 3,
  "requires": true,
  "packages": {
    "": {
      "name": "admin-dashboard",
      "version": "1.0.0",
      "dependencies": {
        "express": "4.17.1",
        "lodash": "4.17.15",
        "moment": "2.29.1"
      }
    },
    "node_modules/express": {
      "version": "4.17.1",
      "dependencies": {
        "qs": "6.7.0"
      }
    },
    "node_modules/qs": {
      "version": "6.7.0"
    },
    "node_modules/lodash": {
      "version": "4.17.15"
    },
    "node_modules/moment": {
      "version": "2.29.1"
    }
  }
}