{
  "name": "payments-api",
  "version": "1.0.0",
  "lockfileVersion": 3,
  "requires": true,
  "packages": {
    "": {
      "name": "payments-api",
      "version": "1.0.0",
      "dependencies": {
        "express": "4.17.1",
        "lodash": "4.17.15",
        "axios": "0.21.1",
        "jsonwebtoken": "8.5.1"
      },
      "devDependencies": {
        "jest": "26.0.0"
      }
    },
    "node_modules/express": {
      "version": "4.17.1",
      "dependencies": {
        "qs": "6.7.0",
        "body-parser": "1.19.0"
      }
    },
    "node_modules/body-parser": {
      "version": "1.19.0",
      "dependencies": {
        "qs": "6.7.0"
      }
    },
    "node_modules/qs": {
      "version": "6.7.0"
    },
    "node_modules/lodash": {
      "version": "4.17.15"
    },
    "node_modules/axios": {
      "version": "0.21.1",
      "dependencies": {
        "follow-redirects": "^1.10.0"
      }
    },
    "node_modules/follow-redirects": {
      "version": "1.13.0"
    },
    "node_modules/jsonwebtoken": {
      "version": "8.5.1",
      "dependencies": {
        "semver": "^5.6.0"
      }
    },
    "node_modules/semver": {
      "version": "5.7.1"
    },
    "node_modules/jest": {
      "version": "26.0.0",
      "dev": true,
      "dependencies": {
        "minimist": "^1.2.0"
      }
    },
    "node_modules/minimist": {
      "version": "1.2.5",
      "dev": true
    }
  }
}